// !$*UTF8*$!
{
	archiveVersion = 1;
	classes = {
	};
	objectVersion = 46;
	objects = {

/* Begin PBXBuildFile section */
		EF1F56BC1935822E00EF158F /* Foundation.framework in Frameworks */ = {isa = PBXBuildFile; fileRef = EF1F56BB1935822E00EF158F /* Foundation.framework */; };
		EF1F56BE1935822E00EF158F /* CoreGraphics.framework in Frameworks */ = {isa = PBXBuildFile; fileRef = EF1F56BD1935822E00EF158F /* CoreGraphics.framework */; };
		EF1F56C01935822E00EF158F /* UIKit.framework in Frameworks */ = {isa = PBXBuildFile; fileRef = EF1F56BF1935822E00EF158F /* UIKit.framework */; };
		EF1F56C61935822E00EF158F /* InfoPlist.strings in Resources */ = {isa = PBXBuildFile; fileRef = EF1F56C41935822E00EF158F /* InfoPlist.strings */; };
		EF1F56C81935822E00EF158F /* main.m in Sources */ = {isa = PBXBuildFile; fileRef = EF1F56C71935822E00EF158F /* main.m */; };
		EF1F56CC1935822E00EF158F /* AppDelegate.m in Sources */ = {isa = PBXBuildFile; fileRef = EF1F56CB1935822E00EF158F /* AppDelegate.m */; };
		EF1F56CF1935822E00EF158F /* Main.storyboard in Resources */ = {isa = PBXBuildFile; fileRef = EF1F56CD1935822E00EF158F /* Main.storyboard */; };
		EF1F56D21935822E00EF158F /* ViewController.m in Sources */ = {isa = PBXBuildFile; fileRef = EF1F56D11935822E00EF158F /* ViewController.m */; };
		EF1F56D41935822F00EF158F /* Images.xcassets in Resources */ = {isa = PBXBuildFile; fileRef = EF1F56D31935822F00EF158F /* Images.xcassets */; };
		EF1F56DB1935822F00EF158F /* XCTest.framework in Frameworks */ = {isa = PBXBuildFile; fileRef = EF1F56DA1935822F00EF158F /* XCTest.framework */; };
		EF1F56DC1935822F00EF158F /* Foundation.framework in Frameworks */ = {isa = PBXBuildFile; fileRef = EF1F56BB1935822E00EF158F /* Foundation.framework */; };
		EF1F56DD1935822F00EF158F /* UIKit.framework in Frameworks */ = {isa = PBXBuildFile; fileRef = EF1F56BF1935822E00EF158F /* UIKit.framework */; };
		EF1F56E51935822F00EF158F /* InfoPlist.strings in Resources */ = {isa = PBXBuildFile; fileRef = EF1F56E31935822F00EF158F /* InfoPlist.strings */; };
		EF1F56E71935822F00EF158F /* CollectionView_DemoTests.m in Sources */ = {isa = PBXBuildFile; fileRef = EF1F56E61935822F00EF158F /* CollectionView_DemoTests.m */; };
		EF1F56F2193583A900EF158F /* puppy0.jpg in Resources */ = {isa = PBXBuildFile; fileRef = EF1F56F0193583A900EF158F /* puppy0.jpg */; };
		EF1F56F3193583A900EF158F /* puppy1.jpg in Resources */ = {isa = PBXBuildFile; fileRef = EF1F56F1193583A900EF158F /* puppy1.jpg */; };
		EF1F56F61935846500EF158F /* PhotoCell.m in Sources */ = {isa = PBXBuildFile; fileRef = EF1F56F51935846500EF158F /* PhotoCell.m */; };
/* End PBXBuildFile section */

/* Begin PBXContainerItemProxy section */
		EF1F56DE1935822F00EF158F /* PBXContainerItemProxy */ = {
			isa = PBXContainerItemProxy;
			containerPortal = EF1F56B01935822E00EF158F /* Project object */;
			proxyType = 1;
			remoteGlobalIDString = EF1F56B71935822E00EF158F;
			remoteInfo = "CollectionView Demo";
		};
/* End PBXContainerItemProxy section */

/* Begin PBXFileReference section */
		EF1F56B81935822E00EF158F /* CollectionView Demo.app */ = {isa = PBXFileReference; explicitFileType = wrapper.application; includeInIndex = 0; path = "CollectionView Demo.app"; sourceTree = BUILT_PRODUCTS_DIR; };
		EF1F56BB1935822E00EF158F /* Foundation.framework */ = {isa = PBXFileReference; lastKnownFileType = wrapper.framework; name = Foundation.framework; path = System/Library/Frameworks/Foundation.framework; sourceTree = SDKROOT; };
		EF1F56BD1935822E00EF158F /* CoreGraphics.framework */ = {isa = PBXFileReference; lastKnownFileType = wrapper.framework; name = CoreGraphics.framework; path = System/Library/Frameworks/CoreGraphics.framework; sourceTree = SDKROOT; };
		EF1F56BF1935822E00EF158F /* UIKit.framework */ = {isa = PBXFileReference; lastKnownFileType = wrapper.framework; name = UIKit.framework; path = System/Library/Frameworks/UIKit.framework; sourceTree = SDKROOT; };
		EF1F56C31935822E00EF158F /* CollectionView Demo-Info.plist */ = {isa = PBXFileReference; lastKnownFileType = text.plist.xml; path = "CollectionView Demo-Info.plist"; sourceTree = "<group>"; };
		EF1F56C51935822E00EF158F /* en */ = {isa = PBXFileReference; lastKnownFileType = text.plist.strings; name = en; path = en.lproj/InfoPlist.strings; sourceTree = "<group>"; };
		EF1F56C71935822E00EF158F /* main.m */ = {isa = PBXFileReference; lastKnownFileType = sourcecode.c.objc; path = main.m; sourceTree = "<group>"; };
		EF1F56C91935822E00EF158F /* CollectionView Demo-Prefix.pch */ = {isa = PBXFileReference; lastKnownFileType = sourcecode.c.h; path = "CollectionView Demo-Prefix.pch"; sourceTree = "<group>"; };
		EF1F56CA1935822E00EF158F /* AppDelegate.h */ = {isa = PBXFileReference; lastKnownFileType = sourcecode.c.h; path = AppDelegate.h; sourceTree = "<group>"; };
		EF1F56CB1935822E00EF158F /* AppDelegate.m */ = {isa = PBXFileReference; lastKnownFileType = sourcecode.c.objc; path = AppDelegate.m; sourceTree = "<group>"; };
		EF1F56CE1935822E00EF158F /* Base */ = {isa = PBXFileReference; lastKnownFileType = file.storyboard; name = Base; path = Base.lproj/Main.storyboard; sourceTree = "<group>"; };
		EF1F56D01935822E00EF158F /* ViewController.h */ = {isa = PBXFileReference; lastKnownFileType = sourcecode.c.h; path = ViewController.h; sourceTree = "<group>"; };
		EF1F56D11935822E00EF158F /* ViewController.m */ = {isa = PBXFileReference; lastKnownFileType = sourcecode.c.objc; path = ViewController.m; sourceTree = "<group>"; };
		EF1F56D31935822F00EF158F /* Images.xcassets */ = {isa = PBXFileReference; lastKnownFileType = folder.assetcatalog; path = Images.xcassets; sourceTree = "<group>"; };
		EF1F56D91935822F00EF158F /* CollectionView DemoTests.xctest */ = {isa = PBXFileReference; explicitFileType = wrapper.cfbundle; includeInIndex = 0; path = "CollectionView DemoTests.xctest"; sourceTree = BUILT_PRODUCTS_DIR; };
		EF1F56DA1935822F00EF158F /* XCTest.framework */ = {isa = PBXFileReference; lastKnownFileType = wrapper.framework; name = XCTest.framework; path = Library/Frameworks/XCTest.framework; sourceTree = DEVELOPER_DIR; };
		EF1F56E21935822F00EF158F /* CollectionView DemoTests-Info.plist */ = {isa = PBXFileReference; lastKnownFileType = text.plist.xml; path = "CollectionView DemoTests-Info.plist"; sourceTree = "<group>"; };
		EF1F56E41935822F00EF158F /* en */ = {isa = PBXFileReference; lastKnownFileType = text.plist.strings; name = en; path = en.lproj/InfoPlist.strings; sourceTree = "<group>"; };
		EF1F56E61935822F00EF158F /* CollectionView_DemoTests.m */ = {isa = PBXFileReference; lastKnownFileType = sourcecode.c.objc; path = CollectionView_DemoTests.m; sourceTree = "<group>"; };
		EF1F56F0193583A900EF158F /* puppy0.jpg */ = {isa = PBXFileReference; lastKnownFileType = image.jpeg; path = puppy0.jpg; sourceTree = "<group>"; };
		EF1F56F1193583A900EF158F /* puppy1.jpg */ = {isa = PBXFileReference; lastKnownFileType = image.jpeg; path = puppy1.jpg; sourceTree = "<group>"; };
		EF1F56F41935846500EF158F /* PhotoCell.h */ = {isa = PBXFileReference; fileEncoding = 4; lastKnownFileType = sourcecode.c.h; path = PhotoCell.h; sourceTree = "<group>"; };
		EF1F56F51935846500EF158F /* PhotoCell.m */ = {isa = PBXFileReference; fileEncoding = 4; lastKnownFileType = sourcecode.c.objc; path = PhotoCell.m; sourceTree = "<group>"; };
/* End PBXFileReference section */

/* Begin PBXFrameworksBuildPhase section */
		EF1F56B51935822E00EF158F /* Frameworks */ = {
			isa = PBXFrameworksBuildPhase;
			buildActionMask = 2147483647;
			files = (
				EF1F56BE1935822E00EF158F /* CoreGraphics.framework in Frameworks */,
				EF1F56C01935822E00EF158F /* UIKit.framework in Frameworks */,
				EF1F56BC1935822E00EF158F /* Foundation.framework in Frameworks */,
			);
			runOnlyForDeploymentPostprocessing = 0;
		};
		EF1F56D61935822F00EF158F /* Frameworks */ = {
			isa = PBXFrameworksBuildPhase;
			buildActionMask = 2147483647;
			files = (
				EF1F56DB1935822F00EF158F /* XCTest.framework in Frameworks */,
				EF1F56DD1935822F00EF158F /* UIKit.framework in Frameworks */,
				EF1F56DC1935822F00EF158F /* Foundation.framework in Frameworks */,
			);
			runOnlyForDeploymentPostprocessing = 0;
		};
/* End PBXFrameworksBuildPhase section */

/* Begin PBXGroup section */
		EF1F56AF1935822E00EF158F = {
			isa = PBXGroup;
			children = (
				EF1F56C11935822E00EF158F /* CollectionView Demo */,
				EF1F56E01935822F00EF158F /* CollectionView DemoTests */,
				EF1F56BA1935822E00EF158F /* Frameworks */,
				EF1F56B91935822E00EF158F /* Products */,
			);
			sourceTree = "<group>";
		};
		EF1F56B91935822E00EF158F /* Products */ = {
			isa = PBXGroup;
			children = (
				EF1F56B81935822E00EF158F /* CollectionView Demo.app */,
				EF1F56D91935822F00EF158F /* CollectionView DemoTests.xctest */,
			);
			name = Products;
			sourceTree = "<group>";
		};
		EF1F56BA1935822E00EF158F /* Frameworks */ = {
			isa = PBXGroup;
			children = (
				EF1F56BB1935822E00EF158F /* Foundation.framework */,
				EF1F56BD1935822E00EF158F /* CoreGraphics.framework */,
				EF1F56BF1935822E00EF158F /* UIKit.framework */,
				EF1F56DA1935822F00EF158F /* XCTest.framework */,
			);
			name = Frameworks;
			sourceTree = "<group>";
		};
		EF1F56C11935822E00EF158F /* CollectionView Demo */ = {
			isa = PBXGroup;
			children = (
				EF1F56CA1935822E00EF158F /* AppDelegate.h */,
				EF1F56CB1935822E00EF158F /* AppDelegate.m */,
				EF1F56CD1935822E00EF158F /* Main.storyboard */,
				EF1F56D01935822E00EF158F /* ViewController.h */,
				EF1F56D11935822E00EF158F /* ViewController.m */,
				EF1F56F0193583A900EF158F /* puppy0.jpg */,
				EF1F56F1193583A900EF158F /* puppy1.jpg */,
				EF1F56D31935822F00EF158F /* Images.xcassets */,
				EF1F56C21935822E00EF158F /* Supporting Files */,
				EF1F56F41935846500EF158F /* PhotoCell.h */,
				EF1F56F51935846500EF158F /* PhotoCell.m */,
			);
			path = "CollectionView Demo";
			sourceTree = "<group>";
		};
		EF1F56C21935822E00EF158F /* Supporting Files */ = {
			isa = PBXGroup;
			children = (
				EF1F56C31935822E00EF158F /* CollectionView Demo-Info.plist */,
				EF1F56C41935822E00EF158F /* InfoPlist.strings */,
				EF1F56C71935822E00EF158F /* main.m */,
				EF1F56C91935822E00EF158F /* CollectionView Demo-Prefix.pch */,
			);
			name = "Supporting Files";
			sourceTree = "<group>";
		};
		EF1F56E01935822F00EF158F /* CollectionView DemoTests */ = {
			isa = PBXGroup;
			children = (
				EF1F56E61935822F00EF158F /* CollectionView_DemoTests.m */,
				EF1F56E11935822F00EF158F /* Supporting Files */,
			);
			path = "CollectionView DemoTests";
			sourceTree = "<group>";
		};
		EF1F56E11935822F00EF158F /* Supporting Files */ = {
			isa = PBXGroup;
			children = (
				EF1F56E21935822F00EF158F /* CollectionView DemoTests-Info.plist */,
				EF1F56E31935822F00EF158F /* InfoPlist.strings */,
			);
			name = "Supporting Files";
			sourceTree = "<group>";
		};
/* End PBXGroup section */

/* Begin PBXNativeTarget section */
		EF1F56B71935822E00EF158F /* CollectionView Demo */ = {
			isa = PBXNativeTarget;
			buildConfigurationList = EF1F56EA1935822F00EF158F /* Build configuration list for PBXNativeTarget "CollectionView Demo" */;
			buildPhases = (
				EF1F56B41935822E00EF158F /* Sources */,
				EF1F56B51935822E00EF158F /* Frameworks */,
				EF1F56B61935822E00EF158F /* Resources */,
			);
			buildRules = (
			);
			dependencies = (
			);
			name = "CollectionView Demo";
			productName = "CollectionView Demo";
			productReference = EF1F56B81935822E00EF158F /* CollectionView Demo.app */;
			productType = "com.apple.product-type.application";
		};
		EF1F56D81935822F00EF158F /* CollectionView DemoTests */ = {
			isa = PBXNativeTarget;
			buildConfigurationList = EF1F56ED1935822F00EF158F /* Build configuration list for PBXNativeTarget "CollectionView DemoTests" */;
			buildPhases = (
				EF1F56D51935822F00EF158F /* Sources */,
				EF1F56D61935822F00EF158F /* Frameworks */,
				EF1F56D71935822F00EF158F /* Resources */,
			);
			buildRules = (
			);
			dependencies = (
				EF1F56DF1935822F00EF158F /* PBXTargetDependency */,
			);
			name = "CollectionView DemoTests";
			productName = "CollectionView DemoTests";
			productReference = EF1F56D91935822F00EF158F /* CollectionView DemoTests.xctest */;
			productType = "com.apple.product-type.bundle.unit-test";
		};
/* End PBXNativeTarget section */

/* Begin PBXProject section */
		EF1F56B01935822E00EF158F /* Project object */ = {
			isa = PBXProject;
			attributes = {
				LastUpgradeCheck = 0510;
				ORGANIZATIONNAME = "Code Fellows";
				TargetAttributes = {
					EF1F56D81935822F00EF158F = {
						TestTargetID = EF1F56B71935822E00EF158F;
					};
				};
			};
			buildConfigurationList = EF1F56B31935822E00EF158F /* Build configuration list for PBXProject "CollectionView Demo" */;
			compatibilityVersion = "Xcode 3.2";
			developmentRegion = English;
			hasScannedForEncodings = 0;
			knownRegions = (
				en,
				Base,
			);
			mainGroup = EF1F56AF1935822E00EF158F;
			productRefGroup = EF1F56B91935822E00EF158F /* Products */;
			projectDirPath = "";
			projectRoot = "";
			targets = (
				EF1F56B71935822E00EF158F /* CollectionView Demo */,
				EF1F56D81935822F00EF158F /* CollectionView DemoTests */,
			);
		};
/* End PBXProject section */

/* Begin PBXResourcesBuildPhase section */
		EF1F56B61935822E00EF158F /* Resources */ = {
			isa = PBXResourcesBuildPhase;
			buildActionMask = 2147483647;
			files = (
				EF1F56D41935822F00EF158F /* Images.xcassets in Resources */,
				EF1F56C61935822E00EF158F /* InfoPlist.strings in Resources */,
				EF1F56CF1935822E00EF158F /* Main.storyboard in Resources */,
				EF1F56F3193583A900EF158F /* puppy1.jpg in Resources */,
				EF1F56F2193583A900EF158F /* puppy0.jpg in Resources */,
			);
			runOnlyForDeploymentPostprocessing = 0;
		};
		EF1F56D71935822F00EF158F /* Resources */ = {
			isa = PBXResourcesBuildPhase;
			buildActionMask = 2147483647;
			files = (
				EF1F56E51935822F00EF158F /* InfoPlist.strings in Resources */,
			);
			runOnlyForDeploymentPostprocessing = 0;
		};
/* End PBXResourcesBuildPhase section */

/* Begin PBXSourcesBuildPhase section */
		EF1F56B41935822E00EF158F /* Sources */ = {
			isa = PBXSourcesBuildPhase;
			buildActionMask = 2147483647;
			files = (
				EF1F56F61935846500EF158F /* PhotoCell.m in Sources */,
				EF1F56D21935822E00EF158F /* ViewController.m in Sources */,
				EF1F56CC1935822E00EF158F /* AppDelegate.m in Sources */,
				EF1F56C81935822E00EF158F /* main.m in Sources */,
			);
			runOnlyForDeploymentPostprocessing = 0;
		};
		EF1F56D51935822F00EF158F /* Sources */ = {
			isa = PBXSourcesBuildPhase;
			buildActionMask = 2147483647;
			files = (
				EF1F56E71935822F00EF158F /* CollectionView_DemoTests.m in Sources */,
			);
			runOnlyForDeploymentPostprocessing = 0;
		};
/* End PBXSourcesBuildPhase section */

/* Begin PBXTargetDependency section */
		EF1F56DF1935822F00EF158F /* PBXTargetDependency */ = {
			isa = PBXTargetDependency;
			target = EF1F56B71935822E00EF158F /* CollectionView Demo */;
			targetProxy = EF1F56DE1935822F00EF158F /* PBXContainerItemProxy */;
		};
/* End PBXTargetDependency section */

/* Begin PBXVariantGroup section */
		EF1F56C41935822E00EF158F /* InfoPlist.strings */ = {
			isa = PBXVariantGroup;
			children = (
				EF1F56C51935822E00EF158F /* en */,
			);
			name = InfoPlist.strings;
			sourceTree = "<group>";
		};
		EF1F56CD1935822E00EF158F /* Main.storyboard */ = {
			isa = PBXVariantGroup;
			children = (
				EF1F56CE1935822E00EF158F /* Base */,
			);
			name = Main.storyboard;
			sourceTree = "<group>";
		};
		EF1F56E31935822F00EF158F /* InfoPlist.strings */ = {
			isa = PBXVariantGroup;
			children = (
				EF1F56E41935822F00EF158F /* en */,
			);
			name = InfoPlist.strings;
			sourceTree = "<group>";
		};
/* End PBXVariantGroup section */

/* Begin XCBuildConfiguration section */
		EF1F56E81935822F00EF158F /* Debug */ = {
			isa = XCBuildConfiguration;
			buildSettings = {
				ALWAYS_SEARCH_USER_PATHS = NO;
				CLANG_CXX_LANGUAGE_STANDARD = "gnu++0x";
				CLANG_CXX_LIBRARY = "libc++";
				CLANG_ENABLE_MODULES = YES;
				CLANG_ENABLE_OBJC_ARC = YES;
				CLANG_WARN_BOOL_CONVERSION = YES;
				CLANG_WARN_CONSTANT_CONVERSION = YES;
				CLANG_WARN_DIRECT_OBJC_ISA_USAGE = YES_ERROR;
				CLANG_WARN_EMPTY_BODY = YES;
				CLANG_WARN_ENUM_CONVERSION = YES;
				CLANG_WARN_INT_CONVERSION = YES;
				CLANG_WARN_OBJC_ROOT_CLASS = YES_ERROR;
				CLANG_WARN__DUPLICATE_METHOD_MATCH = YES;
				"CODE_SIGN_IDENTITY[sdk=iphoneos*]" = "iPhone Developer";
				COPY_PHASE_STRIP = NO;
				GCC_C_LANGUAGE_STANDARD = gnu99;
				GCC_DYNAMIC_NO_PIC = NO;
				GCC_OPTIMIZATION_LEVEL = 0;
				GCC_PREPROCESSOR_DEFINITIONS = (
					"DEBUG=1",
					"$(inherited)",
				);
				GCC_SYMBOLS_PRIVATE_EXTERN = NO;
				GCC_WARN_64_TO_32_BIT_CONVERSION = YES;
				GCC_WARN_ABOUT_RETURN_TYPE = YES_ERROR;
				GCC_WARN_UNDECLARED_SELECTOR = YES;
				GCC_WARN_UNINITIALIZED_AUTOS = YES_AGGRESSIVE;
				GCC_WARN_UNUSED_FUNCTION = YES;
				GCC_WARN_UNUSED_VARIABLE = YES;
				IPHONEOS_DEPLOYMENT_TARGET = 7.1;
				ONLY_ACTIVE_ARCH = YES;
				SDKROOT = iphoneos;
			};
			name = Debug;
		};
		EF1F56E91935822F00EF158F /* Release */ = {
			isa = XCBuildConfiguration;
			buildSettings = {
				ALWAYS_SEARCH_USER_PATHS = NO;
				CLANG_CXX_LANGUAGE_STANDARD = "gnu++0x";
				CLANG_CXX_LIBRARY = "libc++";
				CLANG_ENABLE_MODULES = YES;
				CLANG_ENABLE_OBJC_ARC = YES;
				CLANG_WARN_BOOL_CONVERSION = YES;
				CLANG_WARN_CONSTANT_CONVERSION = YES;
				CLANG_WARN_DIRECT_OBJC_ISA_USAGE = YES_ERROR;
				CLANG_WARN_EMPTY_BODY = YES;
				CLANG_WARN_ENUM_CONVERSION = YES;
				CLANG_WARN_INT_CONVERSION = YES;
				CLANG_WARN_OBJC_ROOT_CLASS = YES_ERROR;
				CLANG_WARN__DUPLICATE_METHOD_MATCH = YES;
				"CODE_SIGN_IDENTITY[sdk=iphoneos*]" = "iPhone Developer";
				COPY_PHASE_STRIP = YES;
				ENABLE_NS_ASSERTIONS = NO;
				GCC_C_LANGUAGE_STANDARD = gnu99;
				GCC_WARN_64_TO_32_BIT_CONVERSION = YES;
				GCC_WARN_ABOUT_RETURN_TYPE = YES_ERROR;
				GCC_WARN_UNDECLARED_SELECTOR = YES;
				GCC_WARN_UNINITIALIZED_AUTOS = YES_AGGRESSIVE;
				GCC_WARN_UNUSED_FUNCTION = YES;
				GCC_WARN_UNUSED_VARIABLE = YES;
				IPHONEOS_DEPLOYMENT_TARGET = 7.1;
				SDKROOT = iphoneos;
				VALIDATE_PRODUCT = YES;
			};
			name = Release;
		};
		EF1F56EB1935822F00EF158F /* Debug */ = {
			isa = XCBuildConfiguration;
			buildSettings = {
				ASSETCATALOG_COMPILER_APPICON_NAME = AppIcon;
				ASSETCATALOG_COMPILER_LAUNCHIMAGE_NAME = LaunchImage;
				GCC_PRECOMPILE_PREFIX_HEADER = YES;
				GCC_PREFIX_HEADER = "CollectionView Demo/CollectionView Demo-Prefix.pch";
				INFOPLIST_FILE = "CollectionView Demo/CollectionView Demo-Info.plist";
				PRODUCT_NAME = "$(TARGET_NAME)";
				WRAPPER_EXTENSION = app;
			};
			name = Debug;
		};
		EF1F56EC1935822F00EF158F /* Release */ = {
			isa = XCBuildConfiguration;
			buildSettings = {
				ASSETCATALOG_COMPILER_APPICON_NAME = AppIcon;
				ASSETCATALOG_COMPILER_LAUNCHIMAGE_NAME = LaunchImage;
				GCC_PRECOMPILE_PREFIX_HEADER = YES;
				GCC_PREFIX_HEADER = "CollectionView Demo/CollectionView Demo-Prefix.pch";
				INFOPLIST_FILE = "CollectionView Demo/CollectionView Demo-Info.plist";
				PRODUCT_NAME = "$(TARGET_NAME)";
				WRAPPER_EXTENSION = app;
			};
			name = Release;
		};
		EF1F56EE1935822F00EF158F /* Debug */ = {
			isa = XCBuildConfiguration;
			buildSettings = {
				BUNDLE_LOADER = "$(BUILT_PRODUCTS_DIR)/CollectionView Demo.app/CollectionView Demo";
				FRAMEWORK_SEARCH_PATHS = (
					"$(SDKROOT)/Developer/Library/Frameworks",
					"$(inherited)",
					"$(DEVELOPER_FRAMEWORKS_DIR)",
				);
				GCC_PRECOMPILE_PREFIX_HEADER = YES;
				GCC_PREFIX_HEADER = "CollectionView Demo/CollectionView Demo-Prefix.pch";
				GCC_PREPROCESSOR_DEFINITIONS = (
					"DEBUG=1",
					"$(inherited)",
				);
				INFOPLIST_FILE = "CollectionView DemoTests/CollectionView DemoTests-Info.plist";
				PRODUCT_NAME = "$(TARGET_NAME)";
				TEST_HOST = "$(BUNDLE_LOADER)";
				WRAPPER_EXTENSION = xctest;
			};
			name = Debug;
		};
		EF1F56EF1935822F00EF158F /* Release */ = {
			isa = XCBuildConfiguration;
			buildSettings = {
				BUNDLE_LOADER = "$(BUILT_PRODUCTS_DIR)/CollectionView Demo.app/CollectionView Demo";
				FRAMEWORK_SEARCH_PATHS = (
					"$(SDKROOT)/Developer/Library/Frameworks",
					"$(inherited)",
					"$(DEVELOPER_FRAMEWORKS_DIR)",
				);
				GCC_PRECOMPILE_PREFIX_HEADER = YES;
				GCC_PREFIX_HEADER = "CollectionView Demo/CollectionView Demo-Prefix.pch";
				INFOPLIST_FILE = "CollectionView DemoTests/CollectionView DemoTests-Info.plist";
				PRODUCT_NAME = "$(TARGET_NAME)";
				TEST_HOST = "$(BUNDLE_LOADER)";
				WRAPPER_EXTENSION = xctest;
			};
			name = Release;
		};
/* End XCBuildConfiguration section */

/* Begin XCConfigurationList section */
		EF1F56B31935822E00EF158F /* Build configuration list for PBXProject "CollectionView Demo" */ = {
			isa = XCConfigurationList;
			buildConfigurations = (
				EF1F56E81935822F00EF158F /* Debug */,
				EF1F56E91935822F00EF158F /* Release */,
			);
			defaultConfigurationIsVisible = 0;
			defaultConfigurationName = Release;
		};
		EF1F56EA1935822F00EF158F /* Build configuration list for PBXNativeTarget "CollectionView Demo" */ = {
			isa = XCConfigurationList;
			buildConfigurations = (
				EF1F56EB1935822F00EF158F /* Debug */,
				EF1F56EC1935822F00EF158F /* Release */,
			);
			defaultConfigurationIsVisible = 0;
		};
		EF1F56ED1935822F00EF158F /* Build configuration list for PBXNativeTarget "CollectionView DemoTests" */ = {
			isa = XCConfigurationList;
			buildConfigurations = (
				EF1F56EE1935822F00EF158F /* Debug */,
				EF1F56EF1935822F00EF158F /* Release */,
			);
			defaultConfigurationIsVisible = 0;
		};
/* End XCConfigurationList section */
	};
	rootObject = EF1F56B01935822E00EF158F /* Project object */;
}
